{
  "originHash" : "dd77e6ed54fa5f9477a9111caeb4c44c0ab113c878f4fb92713ffb6eaf0c1375",
  "pins" : [
    {
      "identity" : "apollo-ios",
      "kind" : "remoteSourceControl",
      "location" : "https://github.com/apollographql/apollo-ios.git",
      "state" : {
        "revision" : "d591c1dd55824867877cff4f6551fe32983d7f51",
        "version" : "1.23.0"
      }
    },
    {
      "identity" : "keychainaccess",
      "kind" : "remoteSourceControl",
      "location" : "https://github.com/kishikawakatsumi/KeychainAccess.git",
      "state" : {
        "revision" : "84e546727d66f1adc5439debad16270d0fdd04e7",
        "version" : "4.2.2"
      }
    }
  ],
  "version" : 3
}
