// !$*UTF8*$!
{
	archiveVersion = 1;
	classes = {
	};
	objectVersion = 77;
	objects = {

/* Begin PBXContainerItemProxy section */
		CED6CB612E30346800E6B240 /* PBXContainerItemProxy */ = {
			isa = PBXContainerItemProxy;
			containerPortal = CED6CB472E30346600E6B240 /* Project object */;
			proxyType = 1;
			remoteGlobalIDString = CED6CB4E2E30346600E6B240;
			remoteInfo = GitLabExplorer;
		};
		CED6CB6B2E30346800E6B240 /* PBXContainerItemProxy */ = {
			isa = PBXContainerItemProxy;
			containerPortal = CED6CB472E30346600E6B240 /* Project object */;
			proxyType = 1;
			remoteGlobalIDString = CED6CB4E2E30346600E6B240;
			remoteInfo = GitLabExplorer;
		};
/* End PBXContainerItemProxy section */

/* Begin PBXFileReference section */
		CED6CB4F2E30346600E6B240 /* GitLabExplorer.app */ = {isa = PBXFileReference; explicitFileType = wrapper.application; includeInIndex = 0; path = GitLabExplorer.app; sourceTree = BUILT_PRODUCTS_DIR; };
		CED6CB602E30346800E6B240 /* GitLabExplorerTests.xctest */ = {isa = PBXFileReference; explicitFileType = wrapper.cfbundle; includeInIndex = 0; path = GitLabExplorerTests.xctest; sourceTree = BUILT_PRODUCTS_DIR; };
		CED6CB6A2E30346800E6B240 /* GitLabExplorerUITests.xctest */ = {isa = PBXFileReference; explicitFileType = wrapper.cfbundle; includeInIndex = 0; path = GitLabExplorerUITests.xctest; sourceTree = BUILT_PRODUCTS_DIR; };
/* End PBXFileReference section */

/* Begin PBXFileSystemSynchronizedRootGroup section */
		CED6CB512E30346600E6B240 /* GitLabExplorer */ = {
			isa = PBXFileSystemSynchronizedRootGroup;
			path = GitLabExplorer;
			sourceTree = "<group>";
		};
		CED6CB632E30346800E6B240 /* GitLabExplorerTests */ = {
			isa = PBXFileSystemSynchronizedRootGroup;
			path = GitLabExplorerTests;
			sourceTree = "<group>";
		};
		CED6CB6D2E30346800E6B240 /* GitLabExplorerUITests */ = {
			isa = PBXFileSystemSynchronizedRootGroup;
			path = GitLabExplorerUITests;
			sourceTree = "<group>";
		};
/* End PBXFileSystemSynchronizedRootGroup section */

/* Begin PBXFrameworksBuildPhase section */
		CED6CB4C2E30346600E6B240 /* Frameworks */ = {
			isa = PBXFrameworksBuildPhase;
			buildActionMask = 2147483647;
			files = (
			);
			runOnlyForDeploymentPostprocessing = 0;
		};
		CED6CB5D2E30346800E6B240 /* Frameworks */ = {
			isa = PBXFrameworksBuildPhase;
			buildActionMask = 2147483647;
			files = (
			);
			runOnlyForDeploymentPostprocessing = 0;
		};
		CED6CB672E30346800E6B240 /* Frameworks */ = {
			isa = PBXFrameworksBuildPhase;
			buildActionMask = 2147483647;
			files = (
			);
			runOnlyForDeploymentPostprocessing = 0;
		};
/* End PBXFrameworksBuildPhase section */

/* Begin PBXGroup section */
		CED6CB462E30346600E6B240 = {
			isa = PBXGroup;
			children = (
				CED6CB512E30346600E6B240 /* GitLabExplorer */,
				CED6CB632E30346800E6B240 /* GitLabExplorerTests */,
				CED6CB6D2E30346800E6B240 /* GitLabExplorerUITests */,
				CED6CB502E30346600E6B240 /* Products */,
			);
			sourceTree = "<group>";
		};
		CED6CB502E30346600E6B240 /* Products */ = {
			isa = PBXGroup;
			children = (
				CED6CB4F2E30346600E6B240 /* GitLabExplorer.app */,
				CED6CB602E30346800E6B240 /* GitLabExplorerTests.xctest */,
				CED6CB6A2E30346800E6B240 /* GitLabExplorerUITests.xctest */,
			);
			name = Products;
			sourceTree = "<group>";
		};
/* End PBXGroup section */

/* Begin PBXNativeTarget section */
		CED6CB4E2E30346600E6B240 /* GitLabExplorer */ = {
			isa = PBXNativeTarget;
			buildConfigurationList = CED6CB742E30346800E6B240 /* Build configuration list for PBXNativeTarget "GitLabExplorer" */;
			buildPhases = (
				CED6CB4B2E30346600E6B240 /* Sources */,
				CED6CB4C2E30346600E6B240 /* Frameworks */,
				CED6CB4D2E30346600E6B240 /* Resources */,
			);
			buildRules = (
			);
			dependencies = (
			);
			fileSystemSynchronizedGroups = (
				CED6CB512E30346600E6B240 /* GitLabExplorer */,
			);
			name = GitLabExplorer;
			packageProductDependencies = (
			);
			productName = GitLabExplorer;
			productReference = CED6CB4F2E30346600E6B240 /* GitLabExplorer.app */;
			productType = "com.apple.product-type.application";
		};
		CED6CB5F2E30346800E6B240 /* GitLabExplorerTests */ = {
			isa = PBXNativeTarget;
			buildConfigurationList = CED6CB772E30346800E6B240 /* Build configuration list for PBXNativeTarget "GitLabExplorerTests" */;
			buildPhases = (
				CED6CB5C2E30346800E6B240 /* Sources */,
				CED6CB5D2E30346800E6B240 /* Frameworks */,
				CED6CB5E2E30346800E6B240 /* Resources */,
			);
			buildRules = (
			);
			dependencies = (
				CED6CB622E30346800E6B240 /* PBXTargetDependency */,
			);
			fileSystemSynchronizedGroups = (
				CED6CB632E30346800E6B240 /* GitLabExplorerTests */,
			);
			name = GitLabExplorerTests;
			packageProductDependencies = (
			);
			productName = GitLabExplorerTests;
			productReference = CED6CB602E30346800E6B240 /* GitLabExplorerTests.xctest */;
			productType = "com.apple.product-type.bundle.unit-test";
		};
		CED6CB692E30346800E6B240 /* GitLabExplorerUITests */ = {
			isa = PBXNativeTarget;
			buildConfigurationList = CED6CB7A2E30346800E6B240 /* Build configuration list for PBXNativeTarget "GitLabExplorerUITests" */;
			buildPhases = (
				CED6CB662E30346800E6B240 /* Sources */,
				CED6CB672E30346800E6B240 /* Frameworks */,
				CED6CB682E30346800E6B240 /* Resources */,
			);
			buildRules = (
			);
			dependencies = (
				CED6CB6C2E30346800E6B240 /* PBXTargetDependency */,
			);
			fileSystemSynchronizedGroups = (
				CED6CB6D2E30346800E6B240 /* GitLabExplorerUITests */,
			);
			name = GitLabExplorerUITests;
			packageProductDependencies = (
			);
			productName = GitLabExplorerUITests;
			productReference = CED6CB6A2E30346800E6B240 /* GitLabExplorerUITests.xctest */;
			productType = "com.apple.product-type.bundle.ui-testing";
		};
/* End PBXNativeTarget section */

/* Begin PBXProject section */
		CED6CB472E30346600E6B240 /* Project object */ = {
			isa = PBXProject;
			attributes = {
				BuildIndependentTargetsInParallel = 1;
				LastSwiftUpdateCheck = 1620;
				LastUpgradeCheck = 1620;
				TargetAttributes = {
					CED6CB4E2E30346600E6B240 = {
						CreatedOnToolsVersion = 16.2;
					};
					CED6CB5F2E30346800E6B240 = {
						CreatedOnToolsVersion = 16.2;
						TestTargetID = CED6CB4E2E30346600E6B240;
					};
					CED6CB692E30346800E6B240 = {
						CreatedOnToolsVersion = 16.2;
						TestTargetID = CED6CB4E2E30346600E6B240;
					};
				};
			};
			buildConfigurationList = CED6CB4A2E30346600E6B240 /* Build configuration list for PBXProject "GitLabExplorer" */;
			developmentRegion = en;
			hasScannedForEncodings = 0;
			knownRegions = (
				en,
				Base,
			);
			mainGroup = CED6CB462E30346600E6B240;
			minimizedProjectReferenceProxies = 1;
			preferredProjectObjectVersion = 77;
			productRefGroup = CED6CB502E30346600E6B240 /* Products */;
			projectDirPath = "";
			projectRoot = "";
			targets = (
				CED6CB4E2E30346600E6B240 /* GitLabExplorer */,
				CED6CB5F2E30346800E6B240 /* GitLabExplorerTests */,
				CED6CB692E30346800E6B240 /* GitLabExplorerUITests */,
			);
		};
/* End PBXProject section */

/* Begin PBXResourcesBuildPhase section */
		CED6CB4D2E30346600E6B240 /* Resources */ = {
			isa = PBXResourcesBuildPhase;
			buildActionMask = 2147483647;
			files = (
			);
			runOnlyForDeploymentPostprocessing = 0;
		};
		CED6CB5E2E30346800E6B240 /* Resources */ = {
			isa = PBXResourcesBuildPhase;
			buildActionMask = 2147483647;
			files = (
			);
			runOnlyForDeploymentPostprocessing = 0;
		};
		CED6CB682E30346800E6B240 /* Resources */ = {
			isa = PBXResourcesBuildPhase;
			buildActionMask = 2147483647;
			files = (
			);
			runOnlyForDeploymentPostprocessing = 0;
		};
/* End PBXResourcesBuildPhase section */

/* Begin PBXSourcesBuildPhase section */
		CED6CB4B2E30346600E6B240 /* Sources */ = {
			isa = PBXSourcesBuildPhase;
			buildActionMask = 2147483647;
			files = (
			);
			runOnlyForDeploymentPostprocessing = 0;
		};
		CED6CB5C2E30346800E6B240 /* Sources */ = {
			isa = PBXSourcesBuildPhase;
			buildActionMask = 2147483647;
			files = (
			);
			runOnlyForDeploymentPostprocessing = 0;
		};
		CED6CB662E30346800E6B240 /* Sources */ = {
			isa = PBXSourcesBuildPhase;
			buildActionMask = 2147483647;
			files = (
			);
			runOnlyForDeploymentPostprocessing = 0;
		};
/* End PBXSourcesBuildPhase section */

/* Begin PBXTargetDependency section */
		CED6CB622E30346800E6B240 /* PBXTargetDependency */ = {
			isa = PBXTargetDependency;
			target = CED6CB4E2E30346600E6B240 /* GitLabExplorer */;
			targetProxy = CED6CB612E30346800E6B240 /* PBXContainerItemProxy */;
		};
		CED6CB6C2E30346800E6B240 /* PBXTargetDependency */ = {
			isa = PBXTargetDependency;
			target = CED6CB4E2E30346600E6B240 /* GitLabExplorer */;
			targetProxy = CED6CB6B2E30346800E6B240 /* PBXContainerItemProxy */;
		};
/* End PBXTargetDependency section */

/* Begin XCBuildConfiguration section */
		CED6CB722E30346800E6B240 /* Debug */ = {
			isa = XCBuildConfiguration;
			buildSettings = {
				ALWAYS_SEARCH_USER_PATHS = NO;
				ASSETCATALOG_COMPILER_GENERATE_SWIFT_ASSET_SYMBOL_EXTENSIONS = YES;
				CLANG_ANALYZER_NONNULL = YES;
				CLANG_ANALYZER_NUMBER_OBJECT_CONVERSION = YES_AGGRESSIVE;
				CLANG_CXX_LANGUAGE_STANDARD = "gnu++20";
				CLANG_ENABLE_MODULES = YES;
				CLANG_ENABLE_OBJC_ARC = YES;
				CLANG_ENABLE_OBJC_WEAK = YES;
				CLANG_WARN_BLOCK_CAPTURE_AUTORELEASING = YES;
				CLANG_WARN_BOOL_CONVERSION = YES;
				CLANG_WARN_COMMA = YES;
				CLANG_WARN_CONSTANT_CONVERSION = YES;
				CLANG_WARN_DEPRECATED_OBJC_IMPLEMENTATIONS = YES;
				CLANG_WARN_DIRECT_OBJC_ISA_USAGE = YES_ERROR;
				CLANG_WARN_DOCUMENTATION_COMMENTS = YES;
				CLANG_WARN_EMPTY_BODY = YES;
				CLANG_WARN_ENUM_CONVERSION = YES;
				CLANG_WARN_INFINITE_RECURSION = YES;
				CLANG_WARN_INT_CONVERSION = YES;
				CLANG_WARN_NON_LITERAL_NULL_CONVERSION = YES;
				CLANG_WARN_OBJC_IMPLICIT_RETAIN_SELF = YES;
				CLANG_WARN_OBJC_LITERAL_CONVERSION = YES;
				CLANG_WARN_OBJC_ROOT_CLASS = YES_ERROR;
				CLANG_WARN_QUOTED_INCLUDE_IN_FRAMEWORK_HEADER = YES;
				CLANG_WARN_RANGE_LOOP_ANALYSIS = YES;
				CLANG_WARN_STRICT_PROTOTYPES = YES;
				CLANG_WARN_SUSPICIOUS_MOVE = YES;
				CLANG_WARN_UNGUARDED_AVAILABILITY = YES_AGGRESSIVE;
				CLANG_WARN_UNREACHABLE_CODE = YES;
				CLANG_WARN__DUPLICATE_METHOD_MATCH = YES;
				COPY_PHASE_STRIP = NO;
				DEBUG_INFORMATION_FORMAT = dwarf;
				ENABLE_STRICT_OBJC_MSGSEND = YES;
				ENABLE_TESTABILITY = YES;
				ENABLE_USER_SCRIPT_SANDBOXING = YES;
				GCC_C_LANGUAGE_STANDARD = gnu17;
				GCC_DYNAMIC_NO_PIC = NO;
				GCC_NO_COMMON_BLOCKS = YES;
				GCC_OPTIMIZATION_LEVEL = 0;
				GCC_PREPROCESSOR_DEFINITIONS = (
					"DEBUG=1",
					"$(inherited)",
				);
				GCC_WARN_64_TO_32_BIT_CONVERSION = YES;
				GCC_WARN_ABOUT_RETURN_TYPE = YES_ERROR;
				GCC_WARN_UNDECLARED_SELECTOR = YES;
				GCC_WARN_UNINITIALIZED_AUTOS = YES_AGGRESSIVE;
				GCC_WARN_UNUSED_FUNCTION = YES;
				GCC_WARN_UNUSED_VARIABLE = YES;
				LOCALIZATION_PREFERS_STRING_CATALOGS = YES;
				MTL_ENABLE_DEBUG_INFO = INCLUDE_SOURCE;
				MTL_FAST_MATH = YES;
				ONLY_ACTIVE_ARCH = YES;
				SWIFT_ACTIVE_COMPILATION_CONDITIONS = "DEBUG $(inherited)";
				SWIFT_OPTIMIZATION_LEVEL = "-Onone";
			};
			name = Debug;
		};
		CED6CB732E30346800E6B240 /* Release */ = {
			isa = XCBuildConfiguration;
			buildSettings = {
				ALWAYS_SEARCH_USER_PATHS = NO;
				ASSETCATALOG_COMPILER_GENERATE_SWIFT_ASSET_SYMBOL_EXTENSIONS = YES;
				CLANG_ANALYZER_NONNULL = YES;
				CLANG_ANALYZER_NUMBER_OBJECT_CONVERSION = YES_AGGRESSIVE;
				CLANG_CXX_LANGUAGE_STANDARD = "gnu++20";
				CLANG_ENABLE_MODULES = YES;
				CLANG_ENABLE_OBJC_ARC = YES;
				CLANG_ENABLE_OBJC_WEAK = YES;
				CLANG_WARN_BLOCK_CAPTURE_AUTORELEASING = YES;
				CLANG_WARN_BOOL_CONVERSION = YES;
				CLANG_WARN_COMMA = YES;
				CLANG_WARN_CONSTANT_CONVERSION = YES;
				CLANG_WARN_DEPRECATED_OBJC_IMPLEMENTATIONS = YES;
				CLANG_WARN_DIRECT_OBJC_ISA_USAGE = YES_ERROR;
				CLANG_WARN_DOCUMENTATION_COMMENTS = YES;
				CLANG_WARN_EMPTY_BODY = YES;
				CLANG_WARN_ENUM_CONVERSION = YES;
				CLANG_WARN_INFINITE_RECURSION = YES;
				CLANG_WARN_INT_CONVERSION = YES;
				CLANG_WARN_NON_LITERAL_NULL_CONVERSION = YES;
				CLANG_WARN_OBJC_IMPLICIT_RETAIN_SELF = YES;
				CLANG_WARN_OBJC_LITERAL_CONVERSION = YES;
				CLANG_WARN_OBJC_ROOT_CLASS = YES_ERROR;
				CLANG_WARN_QUOTED_INCLUDE_IN_FRAMEWORK_HEADER = YES;
				CLANG_WARN_RANGE_LOOP_ANALYSIS = YES;
				CLANG_WARN_STRICT_PROTOTYPES = YES;
				CLANG_WARN_SUSPICIOUS_MOVE = YES;
				CLANG_WARN_UNGUARDED_AVAILABILITY = YES_AGGRESSIVE;
				CLANG_WARN_UNREACHABLE_CODE = YES;
				CLANG_WARN__DUPLICATE_METHOD_MATCH = YES;
				COPY_PHASE_STRIP = NO;
				DEBUG_INFORMATION_FORMAT = "dwarf-with-dsym";
				ENABLE_NS_ASSERTIONS = NO;
				ENABLE_STRICT_OBJC_MSGSEND = YES;
				ENABLE_USER_SCRIPT_SANDBOXING = YES;
				GCC_C_LANGUAGE_STANDARD = gnu17;
				GCC_NO_COMMON_BLOCKS = YES;
				GCC_WARN_64_TO_32_BIT_CONVERSION = YES;
				GCC_WARN_ABOUT_RETURN_TYPE = YES_ERROR;
				GCC_WARN_UNDECLARED_SELECTOR = YES;
				GCC_WARN_UNINITIALIZED_AUTOS = YES_AGGRESSIVE;
				GCC_WARN_UNUSED_FUNCTION = YES;
				GCC_WARN_UNUSED_VARIABLE = YES;
				LOCALIZATION_PREFERS_STRING_CATALOGS = YES;
				MTL_ENABLE_DEBUG_INFO = NO;
				MTL_FAST_MATH = YES;
				SWIFT_COMPILATION_MODE = wholemodule;
			};
			name = Release;
		};
		CED6CB752E30346800E6B240 /* Debug */ = {
			isa = XCBuildConfiguration;
			buildSettings = {
				ASSETCATALOG_COMPILER_APPICON_NAME = AppIcon;
				ASSETCATALOG_COMPILER_GLOBAL_ACCENT_COLOR_NAME = AccentColor;
				CODE_SIGN_ENTITLEMENTS = GitLabExplorer/GitLabExplorer.entitlements;
				CODE_SIGN_STYLE = Automatic;
				CURRENT_PROJECT_VERSION = 1;
				DEVELOPMENT_ASSET_PATHS = "\"GitLabExplorer/Preview Content\"";
				ENABLE_PREVIEWS = YES;
				GENERATE_INFOPLIST_FILE = YES;
				"INFOPLIST_KEY_UIApplicationSceneManifest_Generation[sdk=iphoneos*]" = YES;
				"INFOPLIST_KEY_UIApplicationSceneManifest_Generation[sdk=iphonesimulator*]" = YES;
				"INFOPLIST_KEY_UIApplicationSupportsIndirectInputEvents[sdk=iphoneos*]" = YES;
				"INFOPLIST_KEY_UIApplicationSupportsIndirectInputEvents[sdk=iphonesimulator*]" = YES;
				"INFOPLIST_KEY_UILaunchScreen_Generation[sdk=iphoneos*]" = YES;
				"INFOPLIST_KEY_UILaunchScreen_Generation[sdk=iphonesimulator*]" = YES;
				"INFOPLIST_KEY_UIStatusBarStyle[sdk=iphoneos*]" = UIStatusBarStyleDefault;
				"INFOPLIST_KEY_UIStatusBarStyle[sdk=iphonesimulator*]" = UIStatusBarStyleDefault;
				INFOPLIST_KEY_UISupportedInterfaceOrientations_iPad = "UIInterfaceOrientationPortrait UIInterfaceOrientationPortraitUpsideDown UIInterfaceOrientationLandscapeLeft UIInterfaceOrientationLandscapeRight";
				INFOPLIST_KEY_UISupportedInterfaceOrientations_iPhone = "UIInterfaceOrientationPortrait UIInterfaceOrientationLandscapeLeft UIInterfaceOrientationLandscapeRight";
				IPHONEOS_DEPLOYMENT_TARGET = 18.2;
				LD_RUNPATH_SEARCH_PATHS = "@executable_path/Frameworks";
				"LD_RUNPATH_SEARCH_PATHS[sdk=macosx*]" = "@executable_path/../Frameworks";
				MACOSX_DEPLOYMENT_TARGET = 15.1;
				MARKETING_VERSION = 1.0;
				PRODUCT_BUNDLE_IDENTIFIER = com.team.GitLabExplorer.GitLabExplorer;
				PRODUCT_NAME = "$(TARGET_NAME)";
				SDKROOT = auto;
				SUPPORTED_PLATFORMS = "iphoneos iphonesimulator macosx xros xrsimulator";
				SWIFT_EMIT_LOC_STRINGS = YES;
				SWIFT_VERSION = 5.0;
				TARGETED_DEVICE_FAMILY = "1,2,7";
				XROS_DEPLOYMENT_TARGET = 2.2;
			};
			name = Debug;
		};
		CED6CB762E30346800E6B240 /* Release */ = {
			isa = XCBuildConfiguration;
			buildSettings = {
				ASSETCATALOG_COMPILER_APPICON_NAME = AppIcon;
				ASSETCATALOG_COMPILER_GLOBAL_ACCENT_COLOR_NAME = AccentColor;
				CODE_SIGN_ENTITLEMENTS = GitLabExplorer/GitLabExplorer.entitlements;
				CODE_SIGN_STYLE = Automatic;
				CURRENT_PROJECT_VERSION = 1;
				DEVELOPMENT_ASSET_PATHS = "\"GitLabExplorer/Preview Content\"";
				ENABLE_PREVIEWS = YES;
				GENERATE_INFOPLIST_FILE = YES;
				"INFOPLIST_KEY_UIApplicationSceneManifest_Generation[sdk=iphoneos*]" = YES;
				"INFOPLIST_KEY_UIApplicationSceneManifest_Generation[sdk=iphonesimulator*]" = YES;
				"INFOPLIST_KEY_UIApplicationSupportsIndirectInputEvents[sdk=iphoneos*]" = YES;
				"INFOPLIST_KEY_UIApplicationSupportsIndirectInputEvents[sdk=iphonesimulator*]" = YES;
				"INFOPLIST_KEY_UILaunchScreen_Generation[sdk=iphoneos*]" = YES;
				"INFOPLIST_KEY_UILaunchScreen_Generation[sdk=iphonesimulator*]" = YES;
				"INFOPLIST_KEY_UIStatusBarStyle[sdk=iphoneos*]" = UIStatusBarStyleDefault;
				"INFOPLIST_KEY_UIStatusBarStyle[sdk=iphonesimulator*]" = UIStatusBarStyleDefault;
				INFOPLIST_KEY_UISupportedInterfaceOrientations_iPad = "UIInterfaceOrientationPortrait UIInterfaceOrientationPortraitUpsideDown UIInterfaceOrientationLandscapeLeft UIInterfaceOrientationLandscapeRight";
				INFOPLIST_KEY_UISupportedInterfaceOrientations_iPhone = "UIInterfaceOrientationPortrait UIInterfaceOrientationLandscapeLeft UIInterfaceOrientationLandscapeRight";
				IPHONEOS_DEPLOYMENT_TARGET = 18.2;
				LD_RUNPATH_SEARCH_PATHS = "@executable_path/Frameworks";
				"LD_RUNPATH_SEARCH_PATHS[sdk=macosx*]" = "@executable_path/../Frameworks";
				MACOSX_DEPLOYMENT_TARGET = 15.1;
				MARKETING_VERSION = 1.0;
				PRODUCT_BUNDLE_IDENTIFIER = com.team.GitLabExplorer.GitLabExplorer;
				PRODUCT_NAME = "$(TARGET_NAME)";
				SDKROOT = auto;
				SUPPORTED_PLATFORMS = "iphoneos iphonesimulator macosx xros xrsimulator";
				SWIFT_EMIT_LOC_STRINGS = YES;
				SWIFT_VERSION = 5.0;
				TARGETED_DEVICE_FAMILY = "1,2,7";
				XROS_DEPLOYMENT_TARGET = 2.2;
			};
			name = Release;
		};
		CED6CB782E30346800E6B240 /* Debug */ = {
			isa = XCBuildConfiguration;
			buildSettings = {
				BUNDLE_LOADER = "$(TEST_HOST)";
				CODE_SIGN_STYLE = Automatic;
				CURRENT_PROJECT_VERSION = 1;
				GENERATE_INFOPLIST_FILE = YES;
				IPHONEOS_DEPLOYMENT_TARGET = 18.2;
				MACOSX_DEPLOYMENT_TARGET = 15.1;
				MARKETING_VERSION = 1.0;
				PRODUCT_BUNDLE_IDENTIFIER = com.team.GitLabExplorer.GitLabExplorerTests;
				PRODUCT_NAME = "$(TARGET_NAME)";
				SDKROOT = auto;
				SUPPORTED_PLATFORMS = "iphoneos iphonesimulator macosx xros xrsimulator";
				SWIFT_EMIT_LOC_STRINGS = NO;
				SWIFT_VERSION = 5.0;
				TARGETED_DEVICE_FAMILY = "1,2,7";
				TEST_HOST = "$(BUILT_PRODUCTS_DIR)/GitLabExplorer.app/$(BUNDLE_EXECUTABLE_FOLDER_PATH)/GitLabExplorer";
				XROS_DEPLOYMENT_TARGET = 2.2;
			};
			name = Debug;
		};
		CED6CB792E30346800E6B240 /* Release */ = {
			isa = XCBuildConfiguration;
			buildSettings = {
				BUNDLE_LOADER = "$(TEST_HOST)";
				CODE_SIGN_STYLE = Automatic;
				CURRENT_PROJECT_VERSION = 1;
				GENERATE_INFOPLIST_FILE = YES;
				IPHONEOS_DEPLOYMENT_TARGET = 18.2;
				MACOSX_DEPLOYMENT_TARGET = 15.1;
				MARKETING_VERSION = 1.0;
				PRODUCT_BUNDLE_IDENTIFIER = com.team.GitLabExplorer.GitLabExplorerTests;
				PRODUCT_NAME = "$(TARGET_NAME)";
				SDKROOT = auto;
				SUPPORTED_PLATFORMS = "iphoneos iphonesimulator macosx xros xrsimulator";
				SWIFT_EMIT_LOC_STRINGS = NO;
				SWIFT_VERSION = 5.0;
				TARGETED_DEVICE_FAMILY = "1,2,7";
				TEST_HOST = "$(BUILT_PRODUCTS_DIR)/GitLabExplorer.app/$(BUNDLE_EXECUTABLE_FOLDER_PATH)/GitLabExplorer";
				XROS_DEPLOYMENT_TARGET = 2.2;
			};
			name = Release;
		};
		CED6CB7B2E30346800E6B240 /* Debug */ = {
			isa = XCBuildConfiguration;
			buildSettings = {
				CODE_SIGN_STYLE = Automatic;
				CURRENT_PROJECT_VERSION = 1;
				GENERATE_INFOPLIST_FILE = YES;
				IPHONEOS_DEPLOYMENT_TARGET = 18.2;
				MACOSX_DEPLOYMENT_TARGET = 15.1;
				MARKETING_VERSION = 1.0;
				PRODUCT_BUNDLE_IDENTIFIER = com.team.GitLabExplorer.GitLabExplorerUITests;
				PRODUCT_NAME = "$(TARGET_NAME)";
				SDKROOT = auto;
				SUPPORTED_PLATFORMS = "iphoneos iphonesimulator macosx xros xrsimulator";
				SWIFT_EMIT_LOC_STRINGS = NO;
				SWIFT_VERSION = 5.0;
				TARGETED_DEVICE_FAMILY = "1,2,7";
				TEST_TARGET_NAME = GitLabExplorer;
				XROS_DEPLOYMENT_TARGET = 2.2;
			};
			name = Debug;
		};
		CED6CB7C2E30346800E6B240 /* Release */ = {
			isa = XCBuildConfiguration;
			buildSettings = {
				CODE_SIGN_STYLE = Automatic;
				CURRENT_PROJECT_VERSION = 1;
				GENERATE_INFOPLIST_FILE = YES;
				IPHONEOS_DEPLOYMENT_TARGET = 18.2;
				MACOSX_DEPLOYMENT_TARGET = 15.1;
				MARKETING_VERSION = 1.0;
				PRODUCT_BUNDLE_IDENTIFIER = com.team.GitLabExplorer.GitLabExplorerUITests;
				PRODUCT_NAME = "$(TARGET_NAME)";
				SDKROOT = auto;
				SUPPORTED_PLATFORMS = "iphoneos iphonesimulator macosx xros xrsimulator";
				SWIFT_EMIT_LOC_STRINGS = NO;
				SWIFT_VERSION = 5.0;
				TARGETED_DEVICE_FAMILY = "1,2,7";
				TEST_TARGET_NAME = GitLabExplorer;
				XROS_DEPLOYMENT_TARGET = 2.2;
			};
			name = Release;
		};
/* End XCBuildConfiguration section */

/* Begin XCConfigurationList section */
		CED6CB4A2E30346600E6B240 /* Build configuration list for PBXProject "GitLabExplorer" */ = {
			isa = XCConfigurationList;
			buildConfigurations = (
				CED6CB722E30346800E6B240 /* Debug */,
				CED6CB732E30346800E6B240 /* Release */,
			);
			defaultConfigurationIsVisible = 0;
			defaultConfigurationName = Release;
		};
		CED6CB742E30346800E6B240 /* Build configuration list for PBXNativeTarget "GitLabExplorer" */ = {
			isa = XCConfigurationList;
			buildConfigurations = (
				CED6CB752E30346800E6B240 /* Debug */,
				CED6CB762E30346800E6B240 /* Release */,
			);
			defaultConfigurationIsVisible = 0;
			defaultConfigurationName = Release;
		};
		CED6CB772E30346800E6B240 /* Build configuration list for PBXNativeTarget "GitLabExplorerTests" */ = {
			isa = XCConfigurationList;
			buildConfigurations = (
				CED6CB782E30346800E6B240 /* Debug */,
				CED6CB792E30346800E6B240 /* Release */,
			);
			defaultConfigurationIsVisible = 0;
			defaultConfigurationName = Release;
		};
		CED6CB7A2E30346800E6B240 /* Build configuration list for PBXNativeTarget "GitLabExplorerUITests" */ = {
			isa = XCConfigurationList;
			buildConfigurations = (
				CED6CB7B2E30346800E6B240 /* Debug */,
				CED6CB7C2E30346800E6B240 /* Release */,
			);
			defaultConfigurationIsVisible = 0;
			defaultConfigurationName = Release;
		};
/* End XCConfigurationList section */
	};
	rootObject = CED6CB472E30346600E6B240 /* Project object */;
}
